// !$*UTF8*$!
{
	archiveVersion = 1;
	classes = {
	};
	objectVersion = 50;
	objects = {

/* Begin PBXBuildFile section */
		1CFBAF012583EA0F001B3AF3 /* SwiftRatesApp.swift in Sources */ = {isa = PBXBuildFile; fileRef = 1CFBAF002583EA0F001B3AF3 /* SwiftRatesApp.swift */; };
		1CFBAF032583EA0F001B3AF3 /* ContentView.swift in Sources */ = {isa = PBXBuildFile; fileRef = 1CFBAF022583EA0F001B3AF3 /* ContentView.swift */; };
		1CFBAF052583EA10001B3AF3 /* Assets.xcassets in Resources */ = {isa = PBXBuildFile; fileRef = 1CFBAF042583EA10001B3AF3 /* Assets.xcassets */; };
		1CFBAF082583EA10001B3AF3 /* Preview Assets.xcassets in Resources */ = {isa = PBXBuildFile; fileRef = 1CFBAF072583EA10001B3AF3 /* Preview Assets.xcassets */; };
		1CFBAF132583EA10001B3AF3 /* SwiftRatesTests.swift in Sources */ = {isa = PBXBuildFile; fileRef = 1CFBAF122583EA10001B3AF3 /* SwiftRatesTests.swift */; };
		1CFBAF1E2583EA10001B3AF3 /* SwiftRatesUITests.swift in Sources */ = {isa = PBXBuildFile; fileRef = 1CFBAF1D2583EA10001B3AF3 /* SwiftRatesUITests.swift */; };
/* End PBXBuildFile section */

/* Begin PBXContainerItemProxy section */
		1CFBAF0F2583EA10001B3AF3 /* PBXContainerItemProxy */ = {
			isa = PBXContainerItemProxy;
			containerPortal = 1CFBAEF52583EA0F001B3AF3 /* Project object */;
			proxyType = 1;
			remoteGlobalIDString = 1CFBAEFC2583EA0F001B3AF3;
			remoteInfo = SwiftRates;
		};
		1CFBAF1A2583EA10001B3AF3 /* PBXContainerItemProxy */ = {
			isa = PBXContainerItemProxy;
			containerPortal = 1CFBAEF52583EA0F001B3AF3 /* Project object */;
			proxyType = 1;
			remoteGlobalIDString = 1CFBAEFC2583EA0F001B3AF3;
			remoteInfo = SwiftRates;
		};
/* End PBXContainerItemProxy section */

/* Begin PBXFileReference section */
		1CFBAEFD2583EA0F001B3AF3 /* SwiftRates.app */ = {isa = PBXFileReference; explicitFileType = wrapper.application; includeInIndex = 0; path = SwiftRates.app; sourceTree = BUILT_PRODUCTS_DIR; };
		1CFBAF002583EA0F001B3AF3 /* SwiftRatesApp.swift */ = {isa = PBXFileReference; lastKnownFileType = sourcecode.swift; path = SwiftRatesApp.swift; sourceTree = "<group>"; };
		1CFBAF022583EA0F001B3AF3 /* ContentView.swift */ = {isa = PBXFileReference; lastKnownFileType = sourcecode.swift; path = ContentView.swift; sourceTree = "<group>"; };
		1CFBAF042583EA10001B3AF3 /* Assets.xcassets */ = {isa = PBXFileReference; lastKnownFileType = folder.assetcatalog; path = Assets.xcassets; sourceTree = "<group>"; };
		1CFBAF072583EA10001B3AF3 /* Preview Assets.xcassets */ = {isa = PBXFileReference; lastKnownFileType = folder.assetcatalog; path = "Preview Assets.xcassets"; sourceTree = "<group>"; };
		1CFBAF092583EA10001B3AF3 /* Info.plist */ = {isa = PBXFileReference; lastKnownFileType = text.plist.xml; path = Info.plist; sourceTree = "<group>"; };
		1CFBAF0E2583EA10001B3AF3 /* SwiftRatesTests.xctest */ = {isa = PBXFileReference; explicitFileType = wrapper.cfbundle; includeInIndex = 0; path = SwiftRatesTests.xctest; sourceTree = BUILT_PRODUCTS_DIR; };
		1CFBAF122583EA10001B3AF3 /* SwiftRatesTests.swift */ = {isa = PBXFileReference; lastKnownFileType = sourcecode.swift; path = SwiftRatesTests.swift; sourceTree = "<group>"; };
		1CFBAF142583EA10001B3AF3 /* Info.plist */ = {isa = PBXFileReference; lastKnownFileType = text.plist.xml; path = Info.plist; sourceTree = "<group>"; };
		1CFBAF192583EA10001B3AF3 /* SwiftRatesUITests.xctest */ = {isa = PBXFileReference; explicitFileType = wrapper.cfbundle; includeInIndex = 0; path = SwiftRatesUITests.xctest; sourceTree = BUILT_PRODUCTS_DIR; };
		1CFBAF1D2583EA10001B3AF3 /* SwiftRatesUITests.swift */ = {isa = PBXFileReference; lastKnownFileType = sourcecode.swift; path = SwiftRatesUITests.swift; sourceTree = "<group>"; };
		1CFBAF1F2583EA10001B3AF3 /* Info.plist */ = {isa = PBXFileReference; lastKnownFileType = text.plist.xml; path = Info.plist; sourceTree = "<group>"; };
/* End PBXFileReference section */

/* Begin PBXFrameworksBuildPhase section */
		1CFBAEFA2583EA0F001B3AF3 /* Frameworks */ = {
			isa = PBXFrameworksBuildPhase;
			buildActionMask = 2147483647;
			files = (
			);
			runOnlyForDeploymentPostprocessing = 0;
		};
		1CFBAF0B2583EA10001B3AF3 /* Frameworks */ = {
			isa = PBXFrameworksBuildPhase;
			buildActionMask = 2147483647;
			files = (
			);
			runOnlyForDeploymentPostprocessing = 0;
		};
		1CFBAF162583EA10001B3AF3 /* Frameworks */ = {
			isa = PBXFrameworksBuildPhase;
			buildActionMask = 2147483647;
			files = (
			);
			runOnlyForDeploymentPostprocessing = 0;
		};
/* End PBXFrameworksBuildPhase section */

/* Begin PBXGroup section */
		1CFBAEF42583EA0F001B3AF3 = {
			isa = PBXGroup;
			children = (
				1CFBAEFF2583EA0F001B3AF3 /* SwiftRates */,
				1CFBAF112583EA10001B3AF3 /* SwiftRatesTests */,
				1CFBAF1C2583EA10001B3AF3 /* SwiftRatesUITests */,
				1CFBAEFE2583EA0F001B3AF3 /* Products */,
			);
			sourceTree = "<group>";
		};
		1CFBAEFE2583EA0F001B3AF3 /* Products */ = {
			isa = PBXGroup;
			children = (
				1CFBAEFD2583EA0F001B3AF3 /* SwiftRates.app */,
				1CFBAF0E2583EA10001B3AF3 /* SwiftRatesTests.xctest */,
				1CFBAF192583EA10001B3AF3 /* SwiftRatesUITests.xctest */,
			);
			name = Products;
			sourceTree = "<group>";
		};
		1CFBAEFF2583EA0F001B3AF3 /* SwiftRates */ = {
			isa = PBXGroup;
			children = (
				1CFBAF002583EA0F001B3AF3 /* SwiftRatesApp.swift */,
				1CFBAF022583EA0F001B3AF3 /* ContentView.swift */,
				1CFBAF042583EA10001B3AF3 /* Assets.xcassets */,
				1CFBAF092583EA10001B3AF3 /* Info.plist */,
				1CFBAF062583EA10001B3AF3 /* Preview Content */,
			);
			path = SwiftRates;
			sourceTree = "<group>";
		};
		1CFBAF062583EA10001B3AF3 /* Preview Content */ = {
			isa = PBXGroup;
			children = (
				1CFBAF072583EA10001B3AF3 /* Preview Assets.xcassets */,
			);
			path = "Preview Content";
			sourceTree = "<group>";
		};
		1CFBAF112583EA10001B3AF3 /* SwiftRatesTests */ = {
			isa = PBXGroup;
			children = (
				1CFBAF122583EA10001B3AF3 /* SwiftRatesTests.swift */,
				1CFBAF142583EA10001B3AF3 /* Info.plist */,
			);
			path = SwiftRatesTests;
			sourceTree = "<group>";
		};
		1CFBAF1C2583EA10001B3AF3 /* SwiftRatesUITests */ = {
			isa = PBXGroup;
			children = (
				1CFBAF1D2583EA10001B3AF3 /* SwiftRatesUITests.swift */,
				1CFBAF1F2583EA10001B3AF3 /* Info.plist */,
			);
			path = SwiftRatesUITests;
			sourceTree = "<group>";
		};
/* End PBXGroup section */

/* Begin PBXNativeTarget section */
		1CFBAEFC2583EA0F001B3AF3 /* SwiftRates */ = {
			isa = PBXNativeTarget;
			buildConfigurationList = 1CFBAF222583EA10001B3AF3 /* Build configuration list for PBXNativeTarget "SwiftRates" */;
			buildPhases = (
				1CFBAEF92583EA0F001B3AF3 /* Sources */,
				1CFBAEFA2583EA0F001B3AF3 /* Frameworks */,
				1CFBAEFB2583EA0F001B3AF3 /* Resources */,
			);
			buildRules = (
			);
			dependencies = (
			);
			name = SwiftRates;
			productName = SwiftRates;
			productReference = 1CFBAEFD2583EA0F001B3AF3 /* SwiftRates.app */;
			productType = "com.apple.product-type.application";
		};
		1CFBAF0D2583EA10001B3AF3 /* SwiftRatesTests */ = {
			isa = PBXNativeTarget;
			buildConfigurationList = 1CFBAF252583EA10001B3AF3 /* Build configuration list for PBXNativeTarget "SwiftRatesTests" */;
			buildPhases = (
				1CFBAF0A2583EA10001B3AF3 /* Sources */,
				1CFBAF0B2583EA10001B3AF3 /* Frameworks */,
				1CFBAF0C2583EA10001B3AF3 /* Resources */,
			);
			buildRules = (
			);
			dependencies = (
				1CFBAF102583EA10001B3AF3 /* PBXTargetDependency */,
			);
			name = SwiftRatesTests;
			productName = SwiftRatesTests;
			productReference = 1CFBAF0E2583EA10001B3AF3 /* SwiftRatesTests.xctest */;
			productType = "com.apple.product-type.bundle.unit-test";
		};
		1CFBAF182583EA10001B3AF3 /* SwiftRatesUITests */ = {
			isa = PBXNativeTarget;
			buildConfigurationList = 1CFBAF282583EA10001B3AF3 /* Build configuration list for PBXNativeTarget "SwiftRatesUITests" */;
			buildPhases = (
				1CFBAF152583EA10001B3AF3 /* Sources */,
				1CFBAF162583EA10001B3AF3 /* Frameworks */,
				1CFBAF172583EA10001B3AF3 /* Resources */,
			);
			buildRules = (
			);
			dependencies = (
				1CFBAF1B2583EA10001B3AF3 /* PBXTargetDependency */,
			);
			name = SwiftRatesUITests;
			productName = SwiftRatesUITests;
			productReference = 1CFBAF192583EA10001B3AF3 /* SwiftRatesUITests.xctest */;
			productType = "com.apple.product-type.bundle.ui-testing";
		};
/* End PBXNativeTarget section */

/* Begin PBXProject section */
		1CFBAEF52583EA0F001B3AF3 /* Project object */ = {
			isa = PBXProject;
			attributes = {
				LastSwiftUpdateCheck = 1230;
				LastUpgradeCheck = 1230;
				TargetAttributes = {
					1CFBAEFC2583EA0F001B3AF3 = {
						CreatedOnToolsVersion = 12.3;
					};
					1CFBAF0D2583EA10001B3AF3 = {
						CreatedOnToolsVersion = 12.3;
						TestTargetID = 1CFBAEFC2583EA0F001B3AF3;
					};
					1CFBAF182583EA10001B3AF3 = {
						CreatedOnToolsVersion = 12.3;
						TestTargetID = 1CFBAEFC2583EA0F001B3AF3;
					};
				};
			};
			buildConfigurationList = 1CFBAEF82583EA0F001B3AF3 /* Build configuration list for PBXProject "SwiftRates" */;
			compatibilityVersion = "Xcode 9.3";
			developmentRegion = en;
			hasScannedForEncodings = 0;
			knownRegions = (
				en,
				Base,
			);
			mainGroup = 1CFBAEF42583EA0F001B3AF3;
			productRefGroup = 1CFBAEFE2583EA0F001B3AF3 /* Products */;
			projectDirPath = "";
			projectRoot = "";
			targets = (
				1CFBAEFC2583EA0F001B3AF3 /* SwiftRates */,
				1CFBAF0D2583EA10001B3AF3 /* SwiftRatesTests */,
				1CFBAF182583EA10001B3AF3 /* SwiftRatesUITests */,
			);
		};
/* End PBXProject section */

/* Begin PBXResourcesBuildPhase section */
		1CFBAEFB2583EA0F001B3AF3 /* Resources */ = {
			isa = PBXResourcesBuildPhase;
			buildActionMask = 2147483647;
			files = (
				1CFBAF082583EA10001B3AF3 /* Preview Assets.xcassets in Resources */,
				1CFBAF052583EA10001B3AF3 /* Assets.xcassets in Resources */,
			);
			runOnlyForDeploymentPostprocessing = 0;
		};
		1CFBAF0C2583EA10001B3AF3 /* Resources */ = {
			isa = PBXResourcesBuildPhase;
			buildActionMask = 2147483647;
			files = (
			);
			runOnlyForDeploymentPostprocessing = 0;
		};
		1CFBAF172583EA10001B3AF3 /* Resources */ = {
			isa = PBXResourcesBuildPhase;
			buildActionMask = 2147483647;
			files = (
			);
			runOnlyForDeploymentPostprocessing = 0;
		};
/* End PBXResourcesBuildPhase section */

/* Begin PBXSourcesBuildPhase section */
		1CFBAEF92583EA0F001B3AF3 /* Sources */ = {
			isa = PBXSourcesBuildPhase;
			buildActionMask = 2147483647;
			files = (
				1CFBAF032583EA0F001B3AF3 /* ContentView.swift in Sources */,
				1CFBAF012583EA0F001B3AF3 /* SwiftRatesApp.swift in Sources */,
			);
			runOnlyForDeploymentPostprocessing = 0;
		};
		1CFBAF0A2583EA10001B3AF3 /* Sources */ = {
			isa = PBXSourcesBuildPhase;
			buildActionMask = 2147483647;
			files = (
				1CFBAF132583EA10001B3AF3 /* SwiftRatesTests.swift in Sources */,
			);
			runOnlyForDeploymentPostprocessing = 0;
		};
		1CFBAF152583EA10001B3AF3 /* Sources */ = {
			isa = PBXSourcesBuildPhase;
			buildActionMask = 2147483647;
			files = (
				1CFBAF1E2583EA10001B3AF3 /* SwiftRatesUITests.swift in Sources */,
			);
			runOnlyForDeploymentPostprocessing = 0;
		};
/* End PBXSourcesBuildPhase section */

/* Begin PBXTargetDependency section */
		1CFBAF102583EA10001B3AF3 /* PBXTargetDependency */ = {
			isa = PBXTargetDependency;
			target = 1CFBAEFC2583EA0F001B3AF3 /* SwiftRates */;
			targetProxy = 1CFBAF0F2583EA10001B3AF3 /* PBXContainerItemProxy */;
		};
		1CFBAF1B2583EA10001B3AF3 /* PBXTargetDependency */ = {
			isa = PBXTargetDependency;
			target = 1CFBAEFC2583EA0F001B3AF3 /* SwiftRates */;
			targetProxy = 1CFBAF1A2583EA10001B3AF3 /* PBXContainerItemProxy */;
		};
/* End PBXTargetDependency section */

/* Begin XCBuildConfiguration section */
		1CFBAF202583EA10001B3AF3 /* Debug */ = {
			isa = XCBuildConfiguration;
			buildSettings = {
				ALWAYS_SEARCH_USER_PATHS = NO;
				CLANG_ANALYZER_NONNULL = YES;
				CLANG_ANALYZER_NUMBER_OBJECT_CONVERSION = YES_AGGRESSIVE;
				CLANG_CXX_LANGUAGE_STANDARD = "gnu++14";
				CLANG_CXX_LIBRARY = "libc++";
				CLANG_ENABLE_MODULES = YES;
				CLANG_ENABLE_OBJC_ARC = YES;
				CLANG_ENABLE_OBJC_WEAK = YES;
				CLANG_WARN_BLOCK_CAPTURE_AUTORELEASING = YES;
				CLANG_WARN_BOOL_CONVERSION = YES;
				CLANG_WARN_COMMA = YES;
				CLANG_WARN_CONSTANT_CONVERSION = YES;
				CLANG_WARN_DEPRECATED_OBJC_IMPLEMENTATIONS = YES;
				CLANG_WARN_DIRECT_OBJC_ISA_USAGE = YES_ERROR;
				CLANG_WARN_DOCUMENTATION_COMMENTS = YES;
				CLANG_WARN_EMPTY_BODY = YES;
				CLANG_WARN_ENUM_CONVERSION = YES;
				CLANG_WARN_INFINITE_RECURSION = YES;
				CLANG_WARN_INT_CONVERSION = YES;
				CLANG_WARN_NON_LITERAL_NULL_CONVERSION = YES;
				CLANG_WARN_OBJC_IMPLICIT_RETAIN_SELF = YES;
				CLANG_WARN_OBJC_LITERAL_CONVERSION = YES;
				CLANG_WARN_OBJC_ROOT_CLASS = YES_ERROR;
				CLANG_WARN_QUOTED_INCLUDE_IN_FRAMEWORK_HEADER = YES;
				CLANG_WARN_RANGE_LOOP_ANALYSIS = YES;
				CLANG_WARN_STRICT_PROTOTYPES = YES;
				CLANG_WARN_SUSPICIOUS_MOVE = YES;
				CLANG_WARN_UNGUARDED_AVAILABILITY = YES_AGGRESSIVE;
				CLANG_WARN_UNREACHABLE_CODE = YES;
				CLANG_WARN__DUPLICATE_METHOD_MATCH = YES;
				COPY_PHASE_STRIP = NO;
				DEBUG_INFORMATION_FORMAT = dwarf;
				ENABLE_STRICT_OBJC_MSGSEND = YES;
				ENABLE_TESTABILITY = YES;
				GCC_C_LANGUAGE_STANDARD = gnu11;
				GCC_DYNAMIC_NO_PIC = NO;
				GCC_NO_COMMON_BLOCKS = YES;
				GCC_OPTIMIZATION_LEVEL = 0;
				GCC_PREPROCESSOR_DEFINITIONS = (
					"DEBUG=1",
					"$(inherited)",
				);
				GCC_WARN_64_TO_32_BIT_CONVERSION = YES;
				GCC_WARN_ABOUT_RETURN_TYPE = YES_ERROR;
				GCC_WARN_UNDECLARED_SELECTOR = YES;
				GCC_WARN_UNINITIALIZED_AUTOS = YES_AGGRESSIVE;
				GCC_WARN_UNUSED_FUNCTION = YES;
				GCC_WARN_UNUSED_VARIABLE = YES;
				IPHONEOS_DEPLOYMENT_TARGET = 14.3;
				MTL_ENABLE_DEBUG_INFO = INCLUDE_SOURCE;
				MTL_FAST_MATH = YES;
				ONLY_ACTIVE_ARCH = YES;
				SDKROOT = iphoneos;
				SWIFT_ACTIVE_COMPILATION_CONDITIONS = DEBUG;
				SWIFT_OPTIMIZATION_LEVEL = "-Onone";
			};
			name = Debug;
		};
		1CFBAF212583EA10001B3AF3 /* Release */ = {
			isa = XCBuildConfiguration;
			buildSettings = {
				ALWAYS_SEARCH_USER_PATHS = NO;
				CLANG_ANALYZER_NONNULL = YES;
				CLANG_ANALYZER_NUMBER_OBJECT_CONVERSION = YES_AGGRESSIVE;
				CLANG_CXX_LANGUAGE_STANDARD = "gnu++14";
				CLANG_CXX_LIBRARY = "libc++";
				CLANG_ENABLE_MODULES = YES;
				CLANG_ENABLE_OBJC_ARC = YES;
				CLANG_ENABLE_OBJC_WEAK = YES;
				CLANG_WARN_BLOCK_CAPTURE_AUTORELEASING = YES;
				CLANG_WARN_BOOL_CONVERSION = YES;
				CLANG_WARN_COMMA = YES;
				CLANG_WARN_CONSTANT_CONVERSION = YES;
				CLANG_WARN_DEPRECATED_OBJC_IMPLEMENTATIONS = YES;
				CLANG_WARN_DIRECT_OBJC_ISA_USAGE = YES_ERROR;
				CLANG_WARN_DOCUMENTATION_COMMENTS = YES;
				CLANG_WARN_EMPTY_BODY = YES;
				CLANG_WARN_ENUM_CONVERSION = YES;
				CLANG_WARN_INFINITE_RECURSION = YES;
				CLANG_WARN_INT_CONVERSION = YES;
				CLANG_WARN_NON_LITERAL_NULL_CONVERSION = YES;
				CLANG_WARN_OBJC_IMPLICIT_RETAIN_SELF = YES;
				CLANG_WARN_OBJC_LITERAL_CONVERSION = YES;
				CLANG_WARN_OBJC_ROOT_CLASS = YES_ERROR;
				CLANG_WARN_QUOTED_INCLUDE_IN_FRAMEWORK_HEADER = YES;
				CLANG_WARN_RANGE_LOOP_ANALYSIS = YES;
				CLANG_WARN_STRICT_PROTOTYPES = YES;
				CLANG_WARN_SUSPICIOUS_MOVE = YES;
				CLANG_WARN_UNGUARDED_AVAILABILITY = YES_AGGRESSIVE;
				CLANG_WARN_UNREACHABLE_CODE = YES;
				CLANG_WARN__DUPLICATE_METHOD_MATCH = YES;
				COPY_PHASE_STRIP = NO;
				DEBUG_INFORMATION_FORMAT = "dwarf-with-dsym";
				ENABLE_NS_ASSERTIONS = NO;
				ENABLE_STRICT_OBJC_MSGSEND = YES;
				GCC_C_LANGUAGE_STANDARD = gnu11;
				GCC_NO_COMMON_BLOCKS = YES;
				GCC_WARN_64_TO_32_BIT_CONVERSION = YES;
				GCC_WARN_ABOUT_RETURN_TYPE = YES_ERROR;
				GCC_WARN_UNDECLARED_SELECTOR = YES;
				GCC_WARN_UNINITIALIZED_AUTOS = YES_AGGRESSIVE;
				GCC_WARN_UNUSED_FUNCTION = YES;
				GCC_WARN_UNUSED_VARIABLE = YES;
				IPHONEOS_DEPLOYMENT_TARGET = 14.3;
				MTL_ENABLE_DEBUG_INFO = NO;
				MTL_FAST_MATH = YES;
				SDKROOT = iphoneos;
				SWIFT_COMPILATION_MODE = wholemodule;
				SWIFT_OPTIMIZATION_LEVEL = "-O";
				VALIDATE_PRODUCT = YES;
			};
			name = Release;
		};
		1CFBAF232583EA10001B3AF3 /* Debug */ = {
			isa = XCBuildConfiguration;
			buildSettings = {
				ASSETCATALOG_COMPILER_APPICON_NAME = AppIcon;
				ASSETCATALOG_COMPILER_GLOBAL_ACCENT_COLOR_NAME = AccentColor;
				CODE_SIGN_STYLE = Automatic;
				DEVELOPMENT_ASSET_PATHS = "\"SwiftRates/Preview Content\"";
				DEVELOPMENT_TEAM = FJL9UV3P9V;
				ENABLE_PREVIEWS = YES;
				INFOPLIST_FILE = SwiftRates/Info.plist;
				IPHONEOS_DEPLOYMENT_TARGET = 14.0;
				LD_RUNPATH_SEARCH_PATHS = (
					"$(inherited)",
					"@executable_path/Frameworks",
				);
				PRODUCT_BUNDLE_IDENTIFIER = com.andrejkling.SwiftRates;
				PRODUCT_NAME = "$(TARGET_NAME)";
				SWIFT_VERSION = 5.0;
				TARGETED_DEVICE_FAMILY = "1,2";
			};
			name = Debug;
		};
		1CFBAF242583EA10001B3AF3 /* Release */ = {
			isa = XCBuildConfiguration;
			buildSettings = {
				ASSETCATALOG_COMPILER_APPICON_NAME = AppIcon;
				ASSETCATALOG_COMPILER_GLOBAL_ACCENT_COLOR_NAME = AccentColor;
				CODE_SIGN_STYLE = Automatic;
				DEVELOPMENT_ASSET_PATHS = "\"SwiftRates/Preview Content\"";
				DEVELOPMENT_TEAM = FJL9UV3P9V;
				ENABLE_PREVIEWS = YES;
				INFOPLIST_FILE = SwiftRates/Info.plist;
				IPHONEOS_DEPLOYMENT_TARGET = 14.0;
				LD_RUNPATH_SEARCH_PATHS = (
					"$(inherited)",
					"@executable_path/Frameworks",
				);
				PRODUCT_BUNDLE_IDENTIFIER = com.andrejkling.SwiftRates;
				PRODUCT_NAME = "$(TARGET_NAME)";
				SWIFT_VERSION = 5.0;
				TARGETED_DEVICE_FAMILY = "1,2";
			};
			name = Release;
		};
		1CFBAF262583EA10001B3AF3 /* Debug */ = {
			isa = XCBuildConfiguration;
			buildSettings = {
				ALWAYS_EMBED_SWIFT_STANDARD_LIBRARIES = YES;
				BUNDLE_LOADER = "$(TEST_HOST)";
				CODE_SIGN_STYLE = Automatic;
				DEVELOPMENT_TEAM = FJL9UV3P9V;
				INFOPLIST_FILE = SwiftRatesTests/Info.plist;
				IPHONEOS_DEPLOYMENT_TARGET = 14.0;
				LD_RUNPATH_SEARCH_PATHS = (
					"$(inherited)",
					"@executable_path/Frameworks",
					"@loader_path/Frameworks",
				);
				PRODUCT_BUNDLE_IDENTIFIER = com.andrejkling.SwiftRatesTests;
				PRODUCT_NAME = "$(TARGET_NAME)";
				SWIFT_VERSION = 5.0;
				TARGETED_DEVICE_FAMILY = "1,2";
				TEST_HOST = "$(BUILT_PRODUCTS_DIR)/SwiftRates.app/SwiftRates";
			};
			name = Debug;
		};
		1CFBAF272583EA10001B3AF3 /* Release */ = {
			isa = XCBuildConfiguration;
			buildSettings = {
				ALWAYS_EMBED_SWIFT_STANDARD_LIBRARIES = YES;
				BUNDLE_LOADER = "$(TEST_HOST)";
				CODE_SIGN_STYLE = Automatic;
				DEVELOPMENT_TEAM = FJL9UV3P9V;
				INFOPLIST_FILE = SwiftRatesTests/Info.plist;
				IPHONEOS_DEPLOYMENT_TARGET = 14.0;
				LD_RUNPATH_SEARCH_PATHS = (
					"$(inherited)",
					"@executable_path/Frameworks",
					"@loader_path/Frameworks",
				);
				PRODUCT_BUNDLE_IDENTIFIER = com.andrejkling.SwiftRatesTests;
				PRODUCT_NAME = "$(TARGET_NAME)";
				SWIFT_VERSION = 5.0;
				TARGETED_DEVICE_FAMILY = "1,2";
				TEST_HOST = "$(BUILT_PRODUCTS_DIR)/SwiftRates.app/SwiftRates";
			};
			name = Release;
		};
		1CFBAF292583EA10001B3AF3 /* Debug */ = {
			isa = XCBuildConfiguration;
			buildSettings = {
				ALWAYS_EMBED_SWIFT_STANDARD_LIBRARIES = YES;
				CODE_SIGN_STYLE = Automatic;
				DEVELOPMENT_TEAM = FJL9UV3P9V;
				INFOPLIST_FILE = SwiftRatesUITests/Info.plist;
				LD_RUNPATH_SEARCH_PATHS = (
					"$(inherited)",
					"@executable_path/Frameworks",
					"@loader_path/Frameworks",
				);
				PRODUCT_BUNDLE_IDENTIFIER = com.andrejkling.SwiftRatesUITests;
				PRODUCT_NAME = "$(TARGET_NAME)";
				SWIFT_VERSION = 5.0;
				TARGETED_DEVICE_FAMILY = "1,2";
				TEST_TARGET_NAME = SwiftRates;
			};
			name = Debug;
		};
		1CFBAF2A2583EA10001B3AF3 /* Release */ = {
			isa = XCBuildConfiguration;
			buildSettings = {
				ALWAYS_EMBED_SWIFT_STANDARD_LIBRARIES = YES;
				CODE_SIGN_STYLE = Automatic;
				DEVELOPMENT_TEAM = FJL9UV3P9V;
				INFOPLIST_FILE = SwiftRatesUITests/Info.plist;
				LD_RUNPATH_SEARCH_PATHS = (
					"$(inherited)",
					"@executable_path/Frameworks",
					"@loader_path/Frameworks",
				);
				PRODUCT_BUNDLE_IDENTIFIER = com.andrejkling.SwiftRatesUITests;
				PRODUCT_NAME = "$(TARGET_NAME)";
				SWIFT_VERSION = 5.0;
				TARGETED_DEVICE_FAMILY = "1,2";
				TEST_TARGET_NAME = SwiftRates;
			};
			name = Release;
		};
/* End XCBuildConfiguration section */

/* Begin XCConfigurationList section */
		1CFBAEF82583EA0F001B3AF3 /* Build configuration list for PBXProject "SwiftRates" */ = {
			isa = XCConfigurationList;
			buildConfigurations = (
				1CFBAF202583EA10001B3AF3 /* Debug */,
				1CFBAF212583EA10001B3AF3 /* Release */,
			);
			defaultConfigurationIsVisible = 0;
			defaultConfigurationName = Release;
		};
		1CFBAF222583EA10001B3AF3 /* Build configuration list for PBXNativeTarget "SwiftRates" */ = {
			isa = XCConfigurationList;
			buildConfigurations = (
				1CFBAF232583EA10001B3AF3 /* Debug */,
				1CFBAF242583EA10001B3AF3 /* Release */,
			);
			defaultConfigurationIsVisible = 0;
			defaultConfigurationName = Release;
		};
		1CFBAF252583EA10001B3AF3 /* Build configuration list for PBXNativeTarget "SwiftRatesTests" */ = {
			isa = XCConfigurationList;
			buildConfigurations = (
				1CFBAF262583EA10001B3AF3 /* Debug */,
				1CFBAF272583EA10001B3AF3 /* Release */,
			);
			defaultConfigurationIsVisible = 0;
			defaultConfigurationName = Release;
		};
		1CFBAF282583EA10001B3AF3 /* Build configuration list for PBXNativeTarget "SwiftRatesUITests" */ = {
			isa = XCConfigurationList;
			buildConfigurations = (
				1CFBAF292583EA10001B3AF3 /* Debug */,
				1CFBAF2A2583EA10001B3AF3 /* Release */,
			);
			defaultConfigurationIsVisible = 0;
			defaultConfigurationName = Release;
		};
/* End XCConfigurationList section */
	};
	rootObject = 1CFBAEF52583EA0F001B3AF3 /* Project object */;
}
